// !$*UTF8*$!
{
	archiveVersion = 1;
	classes = {
	};
	objectVersion = 50;
	objects = {

/* Begin PBXBuildFile section */
		972F6D80227549760017B3C0 /* Main.storyboard in Resources */ = {isa = PBXBuildFile; fileRef = 972F6D7F227549760017B3C0 /* Main.storyboard */; };
		97CD40F3226323D7000877DA /* AppDelegate.swift in Sources */ = {isa = PBXBuildFile; fileRef = 97CD40F2226323D7000877DA /* AppDelegate.swift */; };
		97CD40F5226323D7000877DA /* ViewController.swift in Sources */ = {isa = PBXBuildFile; fileRef = 97CD40F4226323D7000877DA /* ViewController.swift */; };
		97CD40FA226323D7000877DA /* Assets.xcassets in Resources */ = {isa = PBXBuildFile; fileRef = 97CD40F9226323D7000877DA /* Assets.xcassets */; };
		97CD40FD226323D7000877DA /* LaunchScreen.storyboard in Resources */ = {isa = PBXBuildFile; fileRef = 97CD40FB226323D7000877DA /* LaunchScreen.storyboard */; };
		97EC0696226DC6EC0021DD29 /* DateManager.swift in Sources */ = {isa = PBXBuildFile; fileRef = 97EC0695226DC6EC0021DD29 /* DateManager.swift */; };
		97EC069A226DC7420021DD29 /* CalendarCell.swift in Sources */ = {isa = PBXBuildFile; fileRef = 97EC0699226DC7420021DD29 /* CalendarCell.swift */; };
/* End PBXBuildFile section */

/* Begin PBXFileReference section */
		972F6D742275494C0017B3C0 /* ViewController.swift */ = {isa = PBXFileReference; lastKnownFileType = sourcecode.swift; path = ViewController.swift; sourceTree = "<group>"; };
		972F6D752275494C0017B3C0 /* DateManagerView.xib */ = {isa = PBXFileReference; lastKnownFileType = file.xib; path = DateManagerView.xib; sourceTree = "<group>"; };
		972F6D762275494C0017B3C0 /* Assets.xcassets */ = {isa = PBXFileReference; lastKnownFileType = folder.assetcatalog; path = Assets.xcassets; sourceTree = "<group>"; };
		972F6D782275494C0017B3C0 /* Base */ = {isa = PBXFileReference; lastKnownFileType = file.storyboard; name = Base; path = Base.lproj/LaunchScreen.storyboard; sourceTree = "<group>"; };
		972F6D7A2275494C0017B3C0 /* Base */ = {isa = PBXFileReference; lastKnownFileType = file.storyboard; name = Base; path = Base.lproj/Main.storyboard; sourceTree = "<group>"; };
		972F6D7B2275494C0017B3C0 /* CalendarCell.swift */ = {isa = PBXFileReference; lastKnownFileType = sourcecode.swift; path = CalendarCell.swift; sourceTree = "<group>"; };
		972F6D7C2275494C0017B3C0 /* DateManager.swift */ = {isa = PBXFileReference; lastKnownFileType = sourcecode.swift; path = DateManager.swift; sourceTree = "<group>"; };
		972F6D7D2275494C0017B3C0 /* AppDelegate.swift */ = {isa = PBXFileReference; lastKnownFileType = sourcecode.swift; path = AppDelegate.swift; sourceTree = "<group>"; };
		972F6D7E2275494C0017B3C0 /* Info.plist */ = {isa = PBXFileReference; lastKnownFileType = text.plist.xml; path = Info.plist; sourceTree = "<group>"; };
		972F6D7F227549760017B3C0 /* Main.storyboard */ = {isa = PBXFileReference; fileEncoding = 4; lastKnownFileType = file.storyboard; path = Main.storyboard; sourceTree = "<group>"; };
		97CD40EF226323D6000877DA /* NewLook.app */ = {isa = PBXFileReference; explicitFileType = wrapper.application; includeInIndex = 0; path = NewLook.app; sourceTree = BUILT_PRODUCTS_DIR; };
		97CD40F2226323D7000877DA /* AppDelegate.swift */ = {isa = PBXFileReference; lastKnownFileType = sourcecode.swift; path = AppDelegate.swift; sourceTree = "<group>"; };
		97CD40F4226323D7000877DA /* ViewController.swift */ = {isa = PBXFileReference; lastKnownFileType = sourcecode.swift; path = ViewController.swift; sourceTree = "<group>"; };
		97CD40F9226323D7000877DA /* Assets.xcassets */ = {isa = PBXFileReference; lastKnownFileType = folder.assetcatalog; path = Assets.xcassets; sourceTree = "<group>"; };
		97CD40FC226323D7000877DA /* Base */ = {isa = PBXFileReference; lastKnownFileType = file.storyboard; name = Base; path = Base.lproj/LaunchScreen.storyboard; sourceTree = "<group>"; };
		97CD40FE226323D7000877DA /* Info.plist */ = {isa = PBXFileReference; lastKnownFileType = text.plist.xml; path = Info.plist; sourceTree = "<group>"; };
		97EC0695226DC6EC0021DD29 /* DateManager.swift */ = {isa = PBXFileReference; lastKnownFileType = sourcecode.swift; path = DateManager.swift; sourceTree = "<group>"; };
		97EC0699226DC7420021DD29 /* CalendarCell.swift */ = {isa = PBXFileReference; lastKnownFileType = sourcecode.swift; path = CalendarCell.swift; sourceTree = "<group>"; };
/* End PBXFileReference section */

/* Begin PBXFrameworksBuildPhase section */
		97CD40EC226323D6000877DA /* Frameworks */ = {
			isa = PBXFrameworksBuildPhase;
			buildActionMask = 2147483647;
			files = (
			);
			runOnlyForDeploymentPostprocessing = 0;
		};
/* End PBXFrameworksBuildPhase section */

/* Begin PBXGroup section */
		972F6D732275494C0017B3C0 /* NewLook */ = {
			isa = PBXGroup;
			children = (
				972F6D742275494C0017B3C0 /* ViewController.swift */,
				972F6D752275494C0017B3C0 /* DateManagerView.xib */,
				972F6D762275494C0017B3C0 /* Assets.xcassets */,
				972F6D772275494C0017B3C0 /* LaunchScreen.storyboard */,
				972F6D792275494C0017B3C0 /* Main.storyboard */,
				972F6D7B2275494C0017B3C0 /* CalendarCell.swift */,
				972F6D7C2275494C0017B3C0 /* DateManager.swift */,
				972F6D7D2275494C0017B3C0 /* AppDelegate.swift */,
				972F6D7E2275494C0017B3C0 /* Info.plist */,
			);
			name = NewLook;
			path = "../../../../Desktop/NewLook-15c6895a2373e2663e263fdfec22802b99604fac 2/NewLook";
			sourceTree = "<group>";
		};
		97CD40E6226323D6000877DA = {
			isa = PBXGroup;
			children = (
				97CD40F1226323D7000877DA /* NewLook */,
				97CD40F0226323D6000877DA /* Products */,
			);
			sourceTree = "<group>";
		};
		97CD40F0226323D6000877DA /* Products */ = {
			isa = PBXGroup;
			children = (
				97CD40EF226323D6000877DA /* NewLook.app */,
			);
			name = Products;
			sourceTree = "<group>";
		};
		97CD40F1226323D7000877DA /* NewLook */ = {
			isa = PBXGroup;
			children = (
				97EC0699226DC7420021DD29 /* CalendarCell.swift */,
				97EC0695226DC6EC0021DD29 /* DateManager.swift */,
				97CD40F2226323D7000877DA /* AppDelegate.swift */,
				97CD40F4226323D7000877DA /* ViewController.swift */,
				972F6D7F227549760017B3C0 /* Main.storyboard */,
				972F6D732275494C0017B3C0 /* NewLook */,
				97CD40F9226323D7000877DA /* Assets.xcassets */,
				97CD40FB226323D7000877DA /* LaunchScreen.storyboard */,
				97CD40FE226323D7000877DA /* Info.plist */,
			);
			path = NewLook;
			sourceTree = "<group>";
		};
/* End PBXGroup section */

/* Begin PBXNativeTarget section */
		97CD40EE226323D6000877DA /* NewLook */ = {
			isa = PBXNativeTarget;
			buildConfigurationList = 97CD4101226323D7000877DA /* Build configuration list for PBXNativeTarget "NewLook" */;
			buildPhases = (
				97CD40EB226323D6000877DA /* Sources */,
				97CD40EC226323D6000877DA /* Frameworks */,
				97CD40ED226323D6000877DA /* Resources */,
			);
			buildRules = (
			);
			dependencies = (
			);
			name = NewLook;
			productName = NewLook;
			productReference = 97CD40EF226323D6000877DA /* NewLook.app */;
			productType = "com.apple.product-type.application";
		};
/* End PBXNativeTarget section */

/* Begin PBXProject section */
		97CD40E7226323D6000877DA /* Project object */ = {
			isa = PBXProject;
			attributes = {
				LastSwiftUpdateCheck = 1020;
				LastUpgradeCheck = 1020;
				ORGANIZATIONNAME = "Rika Sumitomo";
				TargetAttributes = {
					97CD40EE226323D6000877DA = {
						CreatedOnToolsVersion = 10.2;
					};
				};
			};
			buildConfigurationList = 97CD40EA226323D6000877DA /* Build configuration list for PBXProject "NewLook" */;
			compatibilityVersion = "Xcode 9.3";
			developmentRegion = en;
			hasScannedForEncodings = 0;
			knownRegions = (
				en,
				Base,
			);
			mainGroup = 97CD40E6226323D6000877DA;
			productRefGroup = 97CD40F0226323D6000877DA /* Products */;
			projectDirPath = "";
			projectRoot = "";
			targets = (
				97CD40EE226323D6000877DA /* NewLook */,
			);
		};
/* End PBXProject section */

/* Begin PBXResourcesBuildPhase section */
		97CD40ED226323D6000877DA /* Resources */ = {
			isa = PBXResourcesBuildPhase;
			buildActionMask = 2147483647;
			files = (
				972F6D80227549760017B3C0 /* Main.storyboard in Resources */,
				97CD40FD226323D7000877DA /* LaunchScreen.storyboard in Resources */,
				97CD40FA226323D7000877DA /* Assets.xcassets in Resources */,
			);
			runOnlyForDeploymentPostprocessing = 0;
		};
/* End PBXResourcesBuildPhase section */

/* Begin PBXSourcesBuildPhase section */
		97CD40EB226323D6000877DA /* Sources */ = {
			isa = PBXSourcesBuildPhase;
			buildActionMask = 2147483647;
			files = (
				97CD40F5226323D7000877DA /* ViewController.swift in Sources */,
				97EC0696226DC6EC0021DD29 /* DateManager.swift in Sources */,
				97CD40F3226323D7000877DA /* AppDelegate.swift in Sources */,
				97EC069A226DC7420021DD29 /* CalendarCell.swift in Sources */,
			);
			runOnlyForDeploymentPostprocessing = 0;
		};
/* End PBXSourcesBuildPhase section */

/* Begin PBXVariantGroup section */
		972F6D772275494C0017B3C0 /* LaunchScreen.storyboard */ = {
			isa = PBXVariantGroup;
			children = (
				972F6D782275494C0017B3C0 /* Base */,
			);
			name = LaunchScreen.storyboard;
			sourceTree = "<group>";
		};
		972F6D792275494C0017B3C0 /* Main.storyboard */ = {
			isa = PBXVariantGroup;
			children = (
				972F6D7A2275494C0017B3C0 /* Base */,
			);
			name = Main.storyboard;
			sourceTree = "<group>";
		};
		97CD40FB226323D7000877DA /* LaunchScreen.storyboard */ = {
			isa = PBXVariantGroup;
			children = (
				97CD40FC226323D7000877DA /* Base */,
			);
			name = LaunchScreen.storyboard;
			sourceTree = "<group>";
		};
/* End PBXVariantGroup section */

/* Begin XCBuildConfiguration section */
		97CD40FF226323D7000877DA /* Debug */ = {
			isa = XCBuildConfiguration;
			buildSettings = {
				ALWAYS_SEARCH_USER_PATHS = NO;
				CLANG_ANALYZER_NONNULL = YES;
				CLANG_ANALYZER_NUMBER_OBJECT_CONVERSION = YES_AGGRESSIVE;
				CLANG_CXX_LANGUAGE_STANDARD = "gnu++14";
				CLANG_CXX_LIBRARY = "libc++";
				CLANG_ENABLE_MODULES = YES;
				CLANG_ENABLE_OBJC_ARC = YES;
				CLANG_ENABLE_OBJC_WEAK = YES;
				CLANG_WARN_BLOCK_CAPTURE_AUTORELEASING = YES;
				CLANG_WARN_BOOL_CONVERSION = YES;
				CLANG_WARN_COMMA = YES;
				CLANG_WARN_CONSTANT_CONVERSION = YES;
				CLANG_WARN_DEPRECATED_OBJC_IMPLEMENTATIONS = YES;
				CLANG_WARN_DIRECT_OBJC_ISA_USAGE = YES_ERROR;
				CLANG_WARN_DOCUMENTATION_COMMENTS = YES;
				CLANG_WARN_EMPTY_BODY = YES;
				CLANG_WARN_ENUM_CONVERSION = YES;
				CLANG_WARN_INFINITE_RECURSION = YES;
				CLANG_WARN_INT_CONVERSION = YES;
				CLANG_WARN_NON_LITERAL_NULL_CONVERSION = YES;
				CLANG_WARN_OBJC_IMPLICIT_RETAIN_SELF = YES;
				CLANG_WARN_OBJC_LITERAL_CONVERSION = YES;
				CLANG_WARN_OBJC_ROOT_CLASS = YES_ERROR;
				CLANG_WARN_RANGE_LOOP_ANALYSIS = YES;
				CLANG_WARN_STRICT_PROTOTYPES = YES;
				CLANG_WARN_SUSPICIOUS_MOVE = YES;
				CLANG_WARN_UNGUARDED_AVAILABILITY = YES_AGGRESSIVE;
				CLANG_WARN_UNREACHABLE_CODE = YES;
				CLANG_WARN__DUPLICATE_METHOD_MATCH = YES;
				CODE_SIGN_IDENTITY = "iPhone Developer";
				COPY_PHASE_STRIP = NO;
				DEBUG_INFORMATION_FORMAT = dwarf;
				ENABLE_STRICT_OBJC_MSGSEND = YES;
				ENABLE_TESTABILITY = YES;
				GCC_C_LANGUAGE_STANDARD = gnu11;
				GCC_DYNAMIC_NO_PIC = NO;
				GCC_NO_COMMON_BLOCKS = YES;
				GCC_OPTIMIZATION_LEVEL = 0;
				GCC_PREPROCESSOR_DEFINITIONS = (
					"DEBUG=1",
					"$(inherited)",
				);
				GCC_WARN_64_TO_32_BIT_CONVERSION = YES;
				GCC_WARN_ABOUT_RETURN_TYPE = YES_ERROR;
				GCC_WARN_UNDECLARED_SELECTOR = YES;
				GCC_WARN_UNINITIALIZED_AUTOS = YES_AGGRESSIVE;
				GCC_WARN_UNUSED_FUNCTION = YES;
				GCC_WARN_UNUSED_VARIABLE = YES;
				IPHONEOS_DEPLOYMENT_TARGET = 12.2;
				MTL_ENABLE_DEBUG_INFO = INCLUDE_SOURCE;
				MTL_FAST_MATH = YES;
				ONLY_ACTIVE_ARCH = YES;
				SDKROOT = iphoneos;
				SWIFT_ACTIVE_COMPILATION_CONDITIONS = DEBUG;
				SWIFT_OPTIMIZATION_LEVEL = "-Onone";
			};
			name = Debug;
		};
		97CD4100226323D7000877DA /* Release */ = {
			isa = XCBuildConfiguration;
			buildSettings = {
				ALWAYS_SEARCH_USER_PATHS = NO;
				CLANG_ANALYZER_NONNULL = YES;
				CLANG_ANALYZER_NUMBER_OBJECT_CONVERSION = YES_AGGRESSIVE;
				CLANG_CXX_LANGUAGE_STANDARD = "gnu++14";
				CLANG_CXX_LIBRARY = "libc++";
				CLANG_ENABLE_MODULES = YES;
				CLANG_ENABLE_OBJC_ARC = YES;
				CLANG_ENABLE_OBJC_WEAK = YES;
				CLANG_WARN_BLOCK_CAPTURE_AUTORELEASING = YES;
				CLANG_WARN_BOOL_CONVERSION = YES;
				CLANG_WARN_COMMA = YES;
				CLANG_WARN_CONSTANT_CONVERSION = YES;
				CLANG_WARN_DEPRECATED_OBJC_IMPLEMENTATIONS = YES;
				CLANG_WARN_DIRECT_OBJC_ISA_USAGE = YES_ERROR;
				CLANG_WARN_DOCUMENTATION_COMMENTS = YES;
				CLANG_WARN_EMPTY_BODY = YES;
				CLANG_WARN_ENUM_CONVERSION = YES;
				CLANG_WARN_INFINITE_RECURSION = YES;
				CLANG_WARN_INT_CONVERSION = YES;
				CLANG_WARN_NON_LITERAL_NULL_CONVERSION = YES;
				CLANG_WARN_OBJC_IMPLICIT_RETAIN_SELF = YES;
				CLANG_WARN_OBJC_LITERAL_CONVERSION = YES;
				CLANG_WARN_OBJC_ROOT_CLASS = YES_ERROR;
				CLANG_WARN_RANGE_LOOP_ANALYSIS = YES;
				CLANG_WARN_STRICT_PROTOTYPES = YES;
				CLANG_WARN_SUSPICIOUS_MOVE = YES;
				CLANG_WARN_UNGUARDED_AVAILABILITY = YES_AGGRESSIVE;
				CLANG_WARN_UNREACHABLE_CODE = YES;
				CLANG_WARN__DUPLICATE_METHOD_MATCH = YES;
				CODE_SIGN_IDENTITY = "iPhone Developer";
				COPY_PHASE_STRIP = NO;
				DEBUG_INFORMATION_FORMAT = "dwarf-with-dsym";
				ENABLE_NS_ASSERTIONS = NO;
				ENABLE_STRICT_OBJC_MSGSEND = YES;
				GCC_C_LANGUAGE_STANDARD = gnu11;
				GCC_NO_COMMON_BLOCKS = YES;
				GCC_WARN_64_TO_32_BIT_CONVERSION = YES;
				GCC_WARN_ABOUT_RETURN_TYPE = YES_ERROR;
				GCC_WARN_UNDECLARED_SELECTOR = YES;
				GCC_WARN_UNINITIALIZED_AUTOS = YES_AGGRESSIVE;
				GCC_WARN_UNUSED_FUNCTION = YES;
				GCC_WARN_UNUSED_VARIABLE = YES;
				IPHONEOS_DEPLOYMENT_TARGET = 12.2;
				MTL_ENABLE_DEBUG_INFO = NO;
				MTL_FAST_MATH = YES;
				SDKROOT = iphoneos;
				SWIFT_COMPILATION_MODE = wholemodule;
				SWIFT_OPTIMIZATION_LEVEL = "-O";
				VALIDATE_PRODUCT = YES;
			};
			name = Release;
		};
		97CD4102226323D7000877DA /* Debug */ = {
			isa = XCBuildConfiguration;
			buildSettings = {
				ASSETCATALOG_COMPILER_APPICON_NAME = AppIcon;
				CODE_SIGN_STYLE = Automatic;
				DEVELOPMENT_TEAM = S74K7CZMG5;
				INFOPLIST_FILE = NewLook/Info.plist;
				LD_RUNPATH_SEARCH_PATHS = (
					"$(inherited)",
					"@executable_path/Frameworks",
				);
				PRODUCT_BUNDLE_IDENTIFIER = com.litech.NewLook;
				PRODUCT_NAME = "$(TARGET_NAME)";
				SWIFT_VERSION = 5.0;
				TARGETED_DEVICE_FAMILY = "1,2";
			};
			name = Debug;
		};
		97CD4103226323D7000877DA /* Release */ = {
			isa = XCBuildConfiguration;
			buildSettings = {
				ASSETCATALOG_COMPILER_APPICON_NAME = AppIcon;
				CODE_SIGN_STYLE = Automatic;
				DEVELOPMENT_TEAM = S74K7CZMG5;
				INFOPLIST_FILE = NewLook/Info.plist;
				LD_RUNPATH_SEARCH_PATHS = (
					"$(inherited)",
					"@executable_path/Frameworks",
				);
				PRODUCT_BUNDLE_IDENTIFIER = com.litech.NewLook;
				PRODUCT_NAME = "$(TARGET_NAME)";
				SWIFT_VERSION = 5.0;
				TARGETED_DEVICE_FAMILY = "1,2";
			};
			name = Release;
		};
/* End XCBuildConfiguration section */

/* Begin XCConfigurationList section */
		97CD40EA226323D6000877DA /* Build configuration list for PBXProject "NewLook" */ = {
			isa = XCConfigurationList;
			buildConfigurations = (
				97CD40FF226323D7000877DA /* Debug */,
				97CD4100226323D7000877DA /* Release */,
			);
			defaultConfigurationIsVisible = 0;
			defaultConfigurationName = Release;
		};
		97CD4101226323D7000877DA /* Build configuration list for PBXNativeTarget "NewLook" */ = {
			isa = XCConfigurationList;
			buildConfigurations = (
				97CD4102226323D7000877DA /* Debug */,
				97CD4103226323D7000877DA /* Release */,
			);
			defaultConfigurationIsVisible = 0;
			defaultConfigurationName = Release;
		};
/* End XCConfigurationList section */
	};
	rootObject = 97CD40E7226323D6000877DA /* Project object */;
}
